// !$*UTF8*$!
{
	archiveVersion = 1;
	classes = {
	};
	objectVersion = 46;
	objects = {

/* Begin PBXBuildFile section */
		38E5B1881C36AC4E000DF5C8 /* AppDelegate.swift in Sources */ = {isa = PBXBuildFile; fileRef = 38E5B1871C36AC4E000DF5C8 /* AppDelegate.swift */; };
		38E5B18A1C36AC4E000DF5C8 /* ViewController.swift in Sources */ = {isa = PBXBuildFile; fileRef = 38E5B1891C36AC4E000DF5C8 /* ViewController.swift */; };
		38E5B18D1C36AC4E000DF5C8 /* Main.storyboard in Resources */ = {isa = PBXBuildFile; fileRef = 38E5B18B1C36AC4E000DF5C8 /* Main.storyboard */; };
		38E5B18F1C36AC4E000DF5C8 /* Assets.xcassets in Resources */ = {isa = PBXBuildFile; fileRef = 38E5B18E1C36AC4E000DF5C8 /* Assets.xcassets */; };
		38E5B1921C36AC4E000DF5C8 /* LaunchScreen.storyboard in Resources */ = {isa = PBXBuildFile; fileRef = 38E5B1901C36AC4E000DF5C8 /* LaunchScreen.storyboard */; };
		38E5B19D1C36AC4E000DF5C8 /* HelloWorldTests.swift in Sources */ = {isa = PBXBuildFile; fileRef = 38E5B19C1C36AC4E000DF5C8 /* HelloWorldTests.swift */; };
		38E5B1A81C36AC4E000DF5C8 /* HelloWorldUITests.swift in Sources */ = {isa = PBXBuildFile; fileRef = 38E5B1A71C36AC4E000DF5C8 /* HelloWorldUITests.swift */; };
/* End PBXBuildFile section */

/* Begin PBXContainerItemProxy section */
		38E5B1991C36AC4E000DF5C8 /* PBXContainerItemProxy */ = {
			isa = PBXContainerItemProxy;
			containerPortal = 38E5B17C1C36AC4E000DF5C8 /* Project object */;
			proxyType = 1;
			remoteGlobalIDString = 38E5B1831C36AC4E000DF5C8;
			remoteInfo = HelloWorld;
		};
		38E5B1A41C36AC4E000DF5C8 /* PBXContainerItemProxy */ = {
			isa = PBXContainerItemProxy;
			containerPortal = 38E5B17C1C36AC4E000DF5C8 /* Project object */;
			proxyType = 1;
			remoteGlobalIDString = 38E5B1831C36AC4E000DF5C8;
			remoteInfo = HelloWorld;
		};
/* End PBXContainerItemProxy section */

/* Begin PBXFileReference section */
		38E5B1841C36AC4E000DF5C8 /* HelloWorld.app */ = {isa = PBXFileReference; explicitFileType = wrapper.application; includeInIndex = 0; path = HelloWorld.app; sourceTree = BUILT_PRODUCTS_DIR; };
		38E5B1871C36AC4E000DF5C8 /* AppDelegate.swift */ = {isa = PBXFileReference; lastKnownFileType = sourcecode.swift; path = AppDelegate.swift; sourceTree = "<group>"; };
		38E5B1891C36AC4E000DF5C8 /* ViewController.swift */ = {isa = PBXFileReference; lastKnownFileType = sourcecode.swift; path = ViewController.swift; sourceTree = "<group>"; };
		38E5B18C1C36AC4E000DF5C8 /* Base */ = {isa = PBXFileReference; lastKnownFileType = file.storyboard; name = Base; path = Base.lproj/Main.storyboard; sourceTree = "<group>"; };
		38E5B18E1C36AC4E000DF5C8 /* Assets.xcassets */ = {isa = PBXFileReference; lastKnownFileType = folder.assetcatalog; path = Assets.xcassets; sourceTree = "<group>"; };
		38E5B1911C36AC4E000DF5C8 /* Base */ = {isa = PBXFileReference; lastKnownFileType = file.storyboard; name = Base; path = Base.lproj/LaunchScreen.storyboard; sourceTree = "<group>"; };
		38E5B1931C36AC4E000DF5C8 /* Info.plist */ = {isa = PBXFileReference; lastKnownFileType = text.plist.xml; path = Info.plist; sourceTree = "<group>"; };
		38E5B1981C36AC4E000DF5C8 /* HelloWorldTests.xctest */ = {isa = PBXFileReference; explicitFileType = wrapper.cfbundle; includeInIndex = 0; path = HelloWorldTests.xctest; sourceTree = BUILT_PRODUCTS_DIR; };
		38E5B19C1C36AC4E000DF5C8 /* HelloWorldTests.swift */ = {isa = PBXFileReference; lastKnownFileType = sourcecode.swift; path = HelloWorldTests.swift; sourceTree = "<group>"; };
		38E5B19E1C36AC4E000DF5C8 /* Info.plist */ = {isa = PBXFileReference; lastKnownFileType = text.plist.xml; path = Info.plist; sourceTree = "<group>"; };
		38E5B1A31C36AC4E000DF5C8 /* HelloWorldUITests.xctest */ = {isa = PBXFileReference; explicitFileType = wrapper.cfbundle; includeInIndex = 0; path = HelloWorldUITests.xctest; sourceTree = BUILT_PRODUCTS_DIR; };
		38E5B1A71C36AC4E000DF5C8 /* HelloWorldUITests.swift */ = {isa = PBXFileReference; lastKnownFileType = sourcecode.swift; path = HelloWorldUITests.swift; sourceTree = "<group>"; };
		38E5B1A91C36AC4E000DF5C8 /* Info.plist */ = {isa = PBXFileReference; lastKnownFileType = text.plist.xml; path = Info.plist; sourceTree = "<group>"; };
/* End PBXFileReference section */

/* Begin PBXFrameworksBuildPhase section */
		38E5B1811C36AC4E000DF5C8 /* Frameworks */ = {
			isa = PBXFrameworksBuildPhase;
			buildActionMask = 2147483647;
			files = (
			);
			runOnlyForDeploymentPostprocessing = 0;
		};
		38E5B1951C36AC4E000DF5C8 /* Frameworks */ = {
			isa = PBXFrameworksBuildPhase;
			buildActionMask = 2147483647;
			files = (
			);
			runOnlyForDeploymentPostprocessing = 0;
		};
		38E5B1A01C36AC4E000DF5C8 /* Frameworks */ = {
			isa = PBXFrameworksBuildPhase;
			buildActionMask = 2147483647;
			files = (
			);
			runOnlyForDeploymentPostprocessing = 0;
		};
/* End PBXFrameworksBuildPhase section */

/* Begin PBXGroup section */
		38E5B17B1C36AC4E000DF5C8 = {
			isa = PBXGroup;
			children = (
				38E5B1861C36AC4E000DF5C8 /* HelloWorld */,
				38E5B19B1C36AC4E000DF5C8 /* HelloWorldTests */,
				38E5B1A61C36AC4E000DF5C8 /* HelloWorldUITests */,
				38E5B1851C36AC4E000DF5C8 /* Products */,
			);
			sourceTree = "<group>";
		};
		38E5B1851C36AC4E000DF5C8 /* Products */ = {
			isa = PBXGroup;
			children = (
				38E5B1841C36AC4E000DF5C8 /* HelloWorld.app */,
				38E5B1981C36AC4E000DF5C8 /* HelloWorldTests.xctest */,
				38E5B1A31C36AC4E000DF5C8 /* HelloWorldUITests.xctest */,
			);
			name = Products;
			sourceTree = "<group>";
		};
		38E5B1861C36AC4E000DF5C8 /* HelloWorld */ = {
			isa = PBXGroup;
			children = (
				38E5B1871C36AC4E000DF5C8 /* AppDelegate.swift */,
				38E5B1891C36AC4E000DF5C8 /* ViewController.swift */,
				38E5B18B1C36AC4E000DF5C8 /* Main.storyboard */,
				38E5B18E1C36AC4E000DF5C8 /* Assets.xcassets */,
				38E5B1901C36AC4E000DF5C8 /* LaunchScreen.storyboard */,
				38E5B1931C36AC4E000DF5C8 /* Info.plist */,
			);
			path = HelloWorld;
			sourceTree = "<group>";
		};
		38E5B19B1C36AC4E000DF5C8 /* HelloWorldTests */ = {
			isa = PBXGroup;
			children = (
				38E5B19C1C36AC4E000DF5C8 /* HelloWorldTests.swift */,
				38E5B19E1C36AC4E000DF5C8 /* Info.plist */,
			);
			path = HelloWorldTests;
			sourceTree = "<group>";
		};
		38E5B1A61C36AC4E000DF5C8 /* HelloWorldUITests */ = {
			isa = PBXGroup;
			children = (
				38E5B1A71C36AC4E000DF5C8 /* HelloWorldUITests.swift */,
				38E5B1A91C36AC4E000DF5C8 /* Info.plist */,
			);
			path = HelloWorldUITests;
			sourceTree = "<group>";
		};
/* End PBXGroup section */

/* Begin PBXNativeTarget section */
		38E5B1831C36AC4E000DF5C8 /* HelloWorld */ = {
			isa = PBXNativeTarget;
			buildConfigurationList = 38E5B1AC1C36AC4E000DF5C8 /* Build configuration list for PBXNativeTarget "HelloWorld" */;
			buildPhases = (
				38E5B1801C36AC4E000DF5C8 /* Sources */,
				38E5B1811C36AC4E000DF5C8 /* Frameworks */,
				38E5B1821C36AC4E000DF5C8 /* Resources */,
			);
			buildRules = (
			);
			dependencies = (
			);
			name = HelloWorld;
			productName = HelloWorld;
			productReference = 38E5B1841C36AC4E000DF5C8 /* HelloWorld.app */;
			productType = "com.apple.product-type.application";
		};
		38E5B1971C36AC4E000DF5C8 /* HelloWorldTests */ = {
			isa = PBXNativeTarget;
			buildConfigurationList = 38E5B1AF1C36AC4E000DF5C8 /* Build configuration list for PBXNativeTarget "HelloWorldTests" */;
			buildPhases = (
				38E5B1941C36AC4E000DF5C8 /* Sources */,
				38E5B1951C36AC4E000DF5C8 /* Frameworks */,
				38E5B1961C36AC4E000DF5C8 /* Resources */,
			);
			buildRules = (
			);
			dependencies = (
				38E5B19A1C36AC4E000DF5C8 /* PBXTargetDependency */,
			);
			name = HelloWorldTests;
			productName = HelloWorldTests;
			productReference = 38E5B1981C36AC4E000DF5C8 /* HelloWorldTests.xctest */;
			productType = "com.apple.product-type.bundle.unit-test";
		};
		38E5B1A21C36AC4E000DF5C8 /* HelloWorldUITests */ = {
			isa = PBXNativeTarget;
			buildConfigurationList = 38E5B1B21C36AC4E000DF5C8 /* Build configuration list for PBXNativeTarget "HelloWorldUITests" */;
			buildPhases = (
				38E5B19F1C36AC4E000DF5C8 /* Sources */,
				38E5B1A01C36AC4E000DF5C8 /* Frameworks */,
				38E5B1A11C36AC4E000DF5C8 /* Resources */,
			);
			buildRules = (
			);
			dependencies = (
				38E5B1A51C36AC4E000DF5C8 /* PBXTargetDependency */,
			);
			name = HelloWorldUITests;
			productName = HelloWorldUITests;
			productReference = 38E5B1A31C36AC4E000DF5C8 /* HelloWorldUITests.xctest */;
			productType = "com.apple.product-type.bundle.ui-testing";
		};
/* End PBXNativeTarget section */

/* Begin PBXProject section */
		38E5B17C1C36AC4E000DF5C8 /* Project object */ = {
			isa = PBXProject;
			attributes = {
				LastSwiftUpdateCheck = 0710;
				LastUpgradeCheck = 0710;
				ORGANIZATIONNAME = Salma;
				TargetAttributes = {
					38E5B1831C36AC4E000DF5C8 = {
						CreatedOnToolsVersion = 7.1;
					};
					38E5B1971C36AC4E000DF5C8 = {
						CreatedOnToolsVersion = 7.1;
						TestTargetID = 38E5B1831C36AC4E000DF5C8;
					};
					38E5B1A21C36AC4E000DF5C8 = {
						CreatedOnToolsVersion = 7.1;
						TestTargetID = 38E5B1831C36AC4E000DF5C8;
					};
				};
			};
			buildConfigurationList = 38E5B17F1C36AC4E000DF5C8 /* Build configuration list for PBXProject "HelloWorld" */;
			compatibilityVersion = "Xcode 3.2";
			developmentRegion = English;
			hasScannedForEncodings = 0;
			knownRegions = (
				en,
				Base,
			);
			mainGroup = 38E5B17B1C36AC4E000DF5C8;
			productRefGroup = 38E5B1851C36AC4E000DF5C8 /* Products */;
			projectDirPath = "";
			projectRoot = "";
			targets = (
				38E5B1831C36AC4E000DF5C8 /* HelloWorld */,
				38E5B1971C36AC4E000DF5C8 /* HelloWorldTests */,
				38E5B1A21C36AC4E000DF5C8 /* HelloWorldUITests */,
			);
		};
/* End PBXProject section */

/* Begin PBXResourcesBuildPhase section */
		38E5B1821C36AC4E000DF5C8 /* Resources */ = {
			isa = PBXResourcesBuildPhase;
			buildActionMask = 2147483647;
			files = (
				38E5B1921C36AC4E000DF5C8 /* LaunchScreen.storyboard in Resources */,
				38E5B18F1C36AC4E000DF5C8 /* Assets.xcassets in Resources */,
				38E5B18D1C36AC4E000DF5C8 /* Main.storyboard in Resources */,
			);
			runOnlyForDeploymentPostprocessing = 0;
		};
		38E5B1961C36AC4E000DF5C8 /* Resources */ = {
			isa = PBXResourcesBuildPhase;
			buildActionMask = 2147483647;
			files = (
			);
			runOnlyForDeploymentPostprocessing = 0;
		};
		38E5B1A11C36AC4E000DF5C8 /* Resources */ = {
			isa = PBXResourcesBuildPhase;
			buildActionMask = 2147483647;
			files = (
			);
			runOnlyForDeploymentPostprocessing = 0;
		};
/* End PBXResourcesBuildPhase section */

/* Begin PBXSourcesBuildPhase section */
		38E5B1801C36AC4E000DF5C8 /* Sources */ = {
			isa = PBXSourcesBuildPhase;
			buildActionMask = 2147483647;
			files = (
				38E5B18A1C36AC4E000DF5C8 /* ViewController.swift in Sources */,
				38E5B1881C36AC4E000DF5C8 /* AppDelegate.swift in Sources */,
			);
			runOnlyForDeploymentPostprocessing = 0;
		};
		38E5B1941C36AC4E000DF5C8 /* Sources */ = {
			isa = PBXSourcesBuildPhase;
			buildActionMask = 2147483647;
			files = (
				38E5B19D1C36AC4E000DF5C8 /* HelloWorldTests.swift in Sources */,
			);
			runOnlyForDeploymentPostprocessing = 0;
		};
		38E5B19F1C36AC4E000DF5C8 /* Sources */ = {
			isa = PBXSourcesBuildPhase;
			buildActionMask = 2147483647;
			files = (
				38E5B1A81C36AC4E000DF5C8 /* HelloWorldUITests.swift in Sources */,
			);
			runOnlyForDeploymentPostprocessing = 0;
		};
/* End PBXSourcesBuildPhase section */

/* Begin PBXTargetDependency section */
		38E5B19A1C36AC4E000DF5C8 /* PBXTargetDependency */ = {
			isa = PBXTargetDependency;
			target = 38E5B1831C36AC4E000DF5C8 /* HelloWorld */;
			targetProxy = 38E5B1991C36AC4E000DF5C8 /* PBXContainerItemProxy */;
		};
		38E5B1A51C36AC4E000DF5C8 /* PBXTargetDependency */ = {
			isa = PBXTargetDependency;
			target = 38E5B1831C36AC4E000DF5C8 /* HelloWorld */;
			targetProxy = 38E5B1A41C36AC4E000DF5C8 /* PBXContainerItemProxy */;
		};
/* End PBXTargetDependency section */

/* Begin PBXVariantGroup section */
		38E5B18B1C36AC4E000DF5C8 /* Main.storyboard */ = {
			isa = PBXVariantGroup;
			children = (
				38E5B18C1C36AC4E000DF5C8 /* Base */,
			);
			name = Main.storyboard;
			sourceTree = "<group>";
		};
		38E5B1901C36AC4E000DF5C8 /* LaunchScreen.storyboard */ = {
			isa = PBXVariantGroup;
			children = (
				38E5B1911C36AC4E000DF5C8 /* Base */,
			);
			name = LaunchScreen.storyboard;
			sourceTree = "<group>";
		};
/* End PBXVariantGroup section */

/* Begin XCBuildConfiguration section */
		38E5B1AA1C36AC4E000DF5C8 /* Debug */ = {
			isa = XCBuildConfiguration;
			buildSettings = {
				ALWAYS_SEARCH_USER_PATHS = NO;
				CLANG_CXX_LANGUAGE_STANDARD = "gnu++0x";
				CLANG_CXX_LIBRARY = "libc++";
				CLANG_ENABLE_MODULES = YES;
				CLANG_ENABLE_OBJC_ARC = YES;
				CLANG_WARN_BOOL_CONVERSION = YES;
				CLANG_WARN_CONSTANT_CONVERSION = YES;
				CLANG_WARN_DIRECT_OBJC_ISA_USAGE = YES_ERROR;
				CLANG_WARN_EMPTY_BODY = YES;
				CLANG_WARN_ENUM_CONVERSION = YES;
				CLANG_WARN_INT_CONVERSION = YES;
				CLANG_WARN_OBJC_ROOT_CLASS = YES_ERROR;
				CLANG_WARN_UNREACHABLE_CODE = YES;
				CLANG_WARN__DUPLICATE_METHOD_MATCH = YES;
				"CODE_SIGN_IDENTITY[sdk=iphoneos*]" = "iPhone Developer";
				COPY_PHASE_STRIP = NO;
				DEBUG_INFORMATION_FORMAT = dwarf;
				ENABLE_STRICT_OBJC_MSGSEND = YES;
				ENABLE_TESTABILITY = YES;
				GCC_C_LANGUAGE_STANDARD = gnu99;
				GCC_DYNAMIC_NO_PIC = NO;
				GCC_NO_COMMON_BLOCKS = YES;
				GCC_OPTIMIZATION_LEVEL = 0;
				GCC_PREPROCESSOR_DEFINITIONS = (
					"DEBUG=1",
					"$(inherited)",
				);
				GCC_WARN_64_TO_32_BIT_CONVERSION = YES;
				GCC_WARN_ABOUT_RETURN_TYPE = YES_ERROR;
				GCC_WARN_UNDECLARED_SELECTOR = YES;
				GCC_WARN_UNINITIALIZED_AUTOS = YES_AGGRESSIVE;
				GCC_WARN_UNUSED_FUNCTION = YES;
				GCC_WARN_UNUSED_VARIABLE = YES;
				IPHONEOS_DEPLOYMENT_TARGET = 9.1;
				MTL_ENABLE_DEBUG_INFO = YES;
				ONLY_ACTIVE_ARCH = YES;
				SDKROOT = iphoneos;
				SWIFT_OPTIMIZATION_LEVEL = "-Onone";
			};
			name = Debug;
		};
		38E5B1AB1C36AC4E000DF5C8 /* Release */ = {
			isa = XCBuildConfiguration;
			buildSettings = {
				ALWAYS_SEARCH_USER_PATHS = NO;
				CLANG_CXX_LANGUAGE_STANDARD = "gnu++0x";
				CLANG_CXX_LIBRARY = "libc++";
				CLANG_ENABLE_MODULES = YES;
				CLANG_ENABLE_OBJC_ARC = YES;
				CLANG_WARN_BOOL_CONVERSION = YES;
				CLANG_WARN_CONSTANT_CONVERSION = YES;
				CLANG_WARN_DIRECT_OBJC_ISA_USAGE = YES_ERROR;
				CLANG_WARN_EMPTY_BODY = YES;
				CLANG_WARN_ENUM_CONVERSION = YES;
				CLANG_WARN_INT_CONVERSION = YES;
				CLANG_WARN_OBJC_ROOT_CLASS = YES_ERROR;
				CLANG_WARN_UNREACHABLE_CODE = YES;
				CLANG_WARN__DUPLICATE_METHOD_MATCH = YES;
				"CODE_SIGN_IDENTITY[sdk=iphoneos*]" = "iPhone Developer";
				COPY_PHASE_STRIP = NO;
				DEBUG_INFORMATION_FORMAT = "dwarf-with-dsym";
				ENABLE_NS_ASSERTIONS = NO;
				ENABLE_STRICT_OBJC_MSGSEND = YES;
				GCC_C_LANGUAGE_STANDARD = gnu99;
				GCC_NO_COMMON_BLOCKS = YES;
				GCC_WARN_64_TO_32_BIT_CONVERSION = YES;
				GCC_WARN_ABOUT_RETURN_TYPE = YES_ERROR;
				GCC_WARN_UNDECLARED_SELECTOR = YES;
				GCC_WARN_UNINITIALIZED_AUTOS = YES_AGGRESSIVE;
				GCC_WARN_UNUSED_FUNCTION = YES;
				GCC_WARN_UNUSED_VARIABLE = YES;
				IPHONEOS_DEPLOYMENT_TARGET = 9.1;
				MTL_ENABLE_DEBUG_INFO = NO;
				SDKROOT = iphoneos;
				VALIDATE_PRODUCT = YES;
			};
			name = Release;
		};
		38E5B1AD1C36AC4E000DF5C8 /* Debug */ = {
			isa = XCBuildConfiguration;
			buildSettings = {
				ASSETCATALOG_COMPILER_APPICON_NAME = AppIcon;
				INFOPLIST_FILE = HelloWorld/Info.plist;
				LD_RUNPATH_SEARCH_PATHS = "$(inherited) @executable_path/Frameworks";
				PRODUCT_BUNDLE_IDENTIFIER = salma.HelloWorld;
				PRODUCT_NAME = "$(TARGET_NAME)";
			};
			name = Debug;
		};
		38E5B1AE1C36AC4E000DF5C8 /* Release */ = {
			isa = XCBuildConfiguration;
			buildSettings = {
				ASSETCATALOG_COMPILER_APPICON_NAME = AppIcon;
				INFOPLIST_FILE = HelloWorld/Info.plist;
				LD_RUNPATH_SEARCH_PATHS = "$(inherited) @executable_path/Frameworks";
				PRODUCT_BUNDLE_IDENTIFIER = salma.HelloWorld;
				PRODUCT_NAME = "$(TARGET_NAME)";
			};
			name = Release;
		};
		38E5B1B01C36AC4E000DF5C8 /* Debug */ = {
			isa = XCBuildConfiguration;
			buildSettings = {
				BUNDLE_LOADER = "$(TEST_HOST)";
				INFOPLIST_FILE = HelloWorldTests/Info.plist;
				LD_RUNPATH_SEARCH_PATHS = "$(inherited) @executable_path/Frameworks @loader_path/Frameworks";
				PRODUCT_BUNDLE_IDENTIFIER = salma.HelloWorldTests;
				PRODUCT_NAME = "$(TARGET_NAME)";
				TEST_HOST = "$(BUILT_PRODUCTS_DIR)/HelloWorld.app/HelloWorld";
			};
			name = Debug;
		};
		38E5B1B11C36AC4E000DF5C8 /* Release */ = {
			isa = XCBuildConfiguration;
			buildSettings = {
				BUNDLE_LOADER = "$(TEST_HOST)";
				INFOPLIST_FILE = HelloWorldTests/Info.plist;
				LD_RUNPATH_SEARCH_PATHS = "$(inherited) @executable_path/Frameworks @loader_path/Frameworks";
				PRODUCT_BUNDLE_IDENTIFIER = salma.HelloWorldTests;
				PRODUCT_NAME = "$(TARGET_NAME)";
				TEST_HOST = "$(BUILT_PRODUCTS_DIR)/HelloWorld.app/HelloWorld";
			};
			name = Release;
		};
		38E5B1B31C36AC4E000DF5C8 /* Debug */ = {
			isa = XCBuildConfiguration;
			buildSettings = {
				INFOPLIST_FILE = HelloWorldUITests/Info.plist;
				LD_RUNPATH_SEARCH_PATHS = "$(inherited) @executable_path/Frameworks @loader_path/Frameworks";
				PRODUCT_BUNDLE_IDENTIFIER = salma.HelloWorldUITests;
				PRODUCT_NAME = "$(TARGET_NAME)";
				TEST_TARGET_NAME = HelloWorld;
				USES_XCTRUNNER = YES;
			};
			name = Debug;
		};
		38E5B1B41C36AC4E000DF5C8 /* Release */ = {
			isa = XCBuildConfiguration;
			buildSettings = {
				INFOPLIST_FILE = HelloWorldUITests/Info.plist;
				LD_RUNPATH_SEARCH_PATHS = "$(inherited) @executable_path/Frameworks @loader_path/Frameworks";
				PRODUCT_BUNDLE_IDENTIFIER = salma.HelloWorldUITests;
				PRODUCT_NAME = "$(TARGET_NAME)";
				TEST_TARGET_NAME = HelloWorld;
				USES_XCTRUNNER = YES;
			};
			name = Release;
		};
/* End XCBuildConfiguration section */

/* Begin XCConfigurationList section */
		38E5B17F1C36AC4E000DF5C8 /* Build configuration list for PBXProject "HelloWorld" */ = {
			isa = XCConfigurationList;
			buildConfigurations = (
				38E5B1AA1C36AC4E000DF5C8 /* Debug */,
				38E5B1AB1C36AC4E000DF5C8 /* Release */,
			);
			defaultConfigurationIsVisible = 0;
			defaultConfigurationName = Release;
		};
		38E5B1AC1C36AC4E000DF5C8 /* Build configuration list for PBXNativeTarget "HelloWorld" */ = {
			isa = XCConfigurationList;
			buildConfigurations = (
				38E5B1AD1C36AC4E000DF5C8 /* Debug */,
				38E5B1AE1C36AC4E000DF5C8 /* Release */,
			);
			defaultConfigurationIsVisible = 0;
		};
		38E5B1AF1C36AC4E000DF5C8 /* Build configuration list for PBXNativeTarget "HelloWorldTests" */ = {
			isa = XCConfigurationList;
			buildConfigurations = (
				38E5B1B01C36AC4E000DF5C8 /* Debug */,
				38E5B1B11C36AC4E000DF5C8 /* Release */,
			);
			defaultConfigurationIsVisible = 0;
		};
		38E5B1B21C36AC4E000DF5C8 /* Build configuration list for PBXNativeTarget "HelloWorldUITests" */ = {
			isa = XCConfigurationList;
			buildConfigurations = (
				38E5B1B31C36AC4E000DF5C8 /* Debug */,
				38E5B1B41C36AC4E000DF5C8 /* Release */,
			);
			defaultConfigurationIsVisible = 0;
		};
/* End XCConfigurationList section */
	};
	rootObject = 38E5B17C1C36AC4E000DF5C8 /* Project object */;
}
